
Microsoft Visual Studio Solution File, Format Version 12.00
# Visual Studio 15
VisualStudioVersion = 15.0.27703.2000
MinimumVisualStudioVersion = 10.0.40219.1
Project("{9A19103F-16F7-4668-BE54-9A1E7A4F7556}") = "TheGramophone", "TheGramophone\TheGramophone.csproj", "{11001232-4AC9-47E6-9909-DA7C298487DF}"
EndProject
Global
	GlobalSection(SolutionConfigurationPlatforms) = preSolution
		Debug|Any CPU = Debug|Any CPU
		Release|Any CPU = Release|Any CPU
	EndGlobalSection
	GlobalSection(ProjectConfigurationPlatforms) = postSolution
		{11001232-4AC9-47E6-9909-DA7C298487DF}.Debug|Any CPU.ActiveCfg = Debug|Any CPU
		{11001232-4AC9-47E6-9909-DA7C298487DF}.Debug|Any CPU.Build.0 = Debug|Any CPU
		{11001232-4AC9-47E6-9909-DA7C298487DF}.Release|Any CPU.ActiveCfg = Release|Any CPU
		{11001232-4AC9-47E6-9909-DA7C298487DF}.Release|Any CPU.Build.0 = Release|Any CPU
	EndGlobalSection
	GlobalSection(SolutionProperties) = preSolution
		HideSolutionNode = FALSE
	EndGlobalSection
	GlobalSection(ExtensibilityGlobals) = postSolution
		SolutionGuid = {9240D87B-639C-4822-BA38-5319C340D2E3}
	EndGlobalSection
EndGlobal
